
Microsoft Visual Studio Solution File, Format Version 12.00
# Visual Studio Version 17
VisualStudioVersion = 17.6.33815.320
MinimumVisualStudioVersion = 10.0.40219.1
Project("{FAE04EC0-301F-11D3-BF4B-00C04F79EFBC}") = "pgadmission", "pgadmission.csproj", "{F2574EF1-879F-4979-9A55-6E98138188D7}"
EndProject
Global
	GlobalSection(SolutionConfigurationPlatforms) = preSolution
		Debug|Any CPU = Debug|Any CPU
		Release|Any CPU = Release|Any CPU
	EndGlobalSection
	GlobalSection(ProjectConfigurationPlatforms) = postSolution
		{F2574EF1-879F-4979-9A55-6E98138188D7}.Debug|Any CPU.ActiveCfg = Debug|Any CPU
		{F2574EF1-879F-4979-9A55-6E98138188D7}.Debug|Any CPU.Build.0 = Debug|Any CPU
		{F2574EF1-879F-4979-9A55-6E98138188D7}.Release|Any CPU.ActiveCfg = Release|Any CPU
		{F2574EF1-879F-4979-9A55-6E98138188D7}.Release|Any CPU.Build.0 = Release|Any CPU
	EndGlobalSection
	GlobalSection(SolutionProperties) = preSolution
		HideSolutionNode = FALSE
	EndGlobalSection
	GlobalSection(ExtensibilityGlobals) = postSolution
		SolutionGuid = {4F648B22-7D75-42C6-8D90-EC174EC24F73}
	EndGlobalSection
EndGlobal
